// !$*UTF8*$!
{
	archiveVersion = 1;
	classes = {
	};
	objectVersion = 55;
	objects = {

/* Begin PBXBuildFile section */
		4F77234E28D85CF000B76087 /* SwiftUITakeHomeProjectApp.swift in Sources */ = {isa = PBXBuildFile; fileRef = 4F77234D28D85CF000B76087 /* SwiftUITakeHomeProjectApp.swift */; };
		4F77235228D85CF700B76087 /* Assets.xcassets in Resources */ = {isa = PBXBuildFile; fileRef = 4F77235128D85CF700B76087 /* Assets.xcassets */; };
		4F77235528D85CF700B76087 /* Preview Assets.xcassets in Resources */ = {isa = PBXBuildFile; fileRef = 4F77235428D85CF700B76087 /* Preview Assets.xcassets */; };
		4F77235D28D85EF400B76087 /* Symbols.swift in Sources */ = {isa = PBXBuildFile; fileRef = 4F77235C28D85EF400B76087 /* Symbols.swift */; };
		4F77235F28D8607E00B76087 /* Theme.swift in Sources */ = {isa = PBXBuildFile; fileRef = 4F77235E28D8607E00B76087 /* Theme.swift */; };
		4F77237228D8683A00B76087 /* UserStaticData.json in Resources */ = {isa = PBXBuildFile; fileRef = 4F77237128D8683A00B76087 /* UserStaticData.json */; };
		4F77237428D869E900B76087 /* SingleUserData.json in Resources */ = {isa = PBXBuildFile; fileRef = 4F77237328D869E900B76087 /* SingleUserData.json */; };
		4F77237628D86B4900B76087 /* UserDetailResponse.swift in Sources */ = {isa = PBXBuildFile; fileRef = 4F77237528D86B4900B76087 /* UserDetailResponse.swift */; };
		4F77237828D86BBA00B76087 /* UsersResponse.swift in Sources */ = {isa = PBXBuildFile; fileRef = 4F77237728D86BBA00B76087 /* UsersResponse.swift */; };
		4F77237B28D86E7700B76087 /* Models.swift in Sources */ = {isa = PBXBuildFile; fileRef = 4F77237A28D86E7700B76087 /* Models.swift */; };
		4F77237E28D86E9F00B76087 /* StaticJSONMapper.swift in Sources */ = {isa = PBXBuildFile; fileRef = 4F77237D28D86E9F00B76087 /* StaticJSONMapper.swift */; };
		4F77238028D8806A00B76087 /* PeopleView.swift in Sources */ = {isa = PBXBuildFile; fileRef = 4F77237F28D8806A00B76087 /* PeopleView.swift */; };
		4F77238228D88D5500B76087 /* PersonItemView.swift in Sources */ = {isa = PBXBuildFile; fileRef = 4F77238128D88D5500B76087 /* PersonItemView.swift */; };
		4F77238528D88D9A00B76087 /* PillView.swift in Sources */ = {isa = PBXBuildFile; fileRef = 4F77238428D88D9A00B76087 /* PillView.swift */; };
		4F77238728D8A44400B76087 /* DetailView.swift in Sources */ = {isa = PBXBuildFile; fileRef = 4F77238628D8A44400B76087 /* DetailView.swift */; };
		4F77238928D8FE7B00B76087 /* CreateView.swift in Sources */ = {isa = PBXBuildFile; fileRef = 4F77238828D8FE7A00B76087 /* CreateView.swift */; };
/* End PBXBuildFile section */

/* Begin PBXFileReference section */
		4F77234A28D85CF000B76087 /* SwiftUITakeHomeProject.app */ = {isa = PBXFileReference; explicitFileType = wrapper.application; includeInIndex = 0; path = SwiftUITakeHomeProject.app; sourceTree = BUILT_PRODUCTS_DIR; };
		4F77234D28D85CF000B76087 /* SwiftUITakeHomeProjectApp.swift */ = {isa = PBXFileReference; lastKnownFileType = sourcecode.swift; path = SwiftUITakeHomeProjectApp.swift; sourceTree = "<group>"; };
		4F77235128D85CF700B76087 /* Assets.xcassets */ = {isa = PBXFileReference; lastKnownFileType = folder.assetcatalog; path = Assets.xcassets; sourceTree = "<group>"; };
		4F77235428D85CF700B76087 /* Preview Assets.xcassets */ = {isa = PBXFileReference; lastKnownFileType = folder.assetcatalog; path = "Preview Assets.xcassets"; sourceTree = "<group>"; };
		4F77235C28D85EF400B76087 /* Symbols.swift */ = {isa = PBXFileReference; lastKnownFileType = sourcecode.swift; path = Symbols.swift; sourceTree = "<group>"; };
		4F77235E28D8607E00B76087 /* Theme.swift */ = {isa = PBXFileReference; lastKnownFileType = sourcecode.swift; path = Theme.swift; sourceTree = "<group>"; };
		4F77237128D8683A00B76087 /* UserStaticData.json */ = {isa = PBXFileReference; lastKnownFileType = text.json; path = UserStaticData.json; sourceTree = "<group>"; };
		4F77237328D869E900B76087 /* SingleUserData.json */ = {isa = PBXFileReference; lastKnownFileType = text.json; path = SingleUserData.json; sourceTree = "<group>"; };
		4F77237528D86B4900B76087 /* UserDetailResponse.swift */ = {isa = PBXFileReference; lastKnownFileType = sourcecode.swift; path = UserDetailResponse.swift; sourceTree = "<group>"; };
		4F77237728D86BBA00B76087 /* UsersResponse.swift */ = {isa = PBXFileReference; lastKnownFileType = sourcecode.swift; path = UsersResponse.swift; sourceTree = "<group>"; };
		4F77237A28D86E7700B76087 /* Models.swift */ = {isa = PBXFileReference; lastKnownFileType = sourcecode.swift; path = Models.swift; sourceTree = "<group>"; };
		4F77237D28D86E9F00B76087 /* StaticJSONMapper.swift */ = {isa = PBXFileReference; lastKnownFileType = sourcecode.swift; path = StaticJSONMapper.swift; sourceTree = "<group>"; };
		4F77237F28D8806A00B76087 /* PeopleView.swift */ = {isa = PBXFileReference; lastKnownFileType = sourcecode.swift; path = PeopleView.swift; sourceTree = "<group>"; };
		4F77238128D88D5500B76087 /* PersonItemView.swift */ = {isa = PBXFileReference; lastKnownFileType = sourcecode.swift; path = PersonItemView.swift; sourceTree = "<group>"; };
		4F77238428D88D9A00B76087 /* PillView.swift */ = {isa = PBXFileReference; lastKnownFileType = sourcecode.swift; path = PillView.swift; sourceTree = "<group>"; };
		4F77238628D8A44400B76087 /* DetailView.swift */ = {isa = PBXFileReference; lastKnownFileType = sourcecode.swift; path = DetailView.swift; sourceTree = "<group>"; };
		4F77238828D8FE7A00B76087 /* CreateView.swift */ = {isa = PBXFileReference; lastKnownFileType = sourcecode.swift; path = CreateView.swift; sourceTree = "<group>"; };
/* End PBXFileReference section */

/* Begin PBXFrameworksBuildPhase section */
		4F77234728D85CF000B76087 /* Frameworks */ = {
			isa = PBXFrameworksBuildPhase;
			buildActionMask = 2147483647;
			files = (
			);
			runOnlyForDeploymentPostprocessing = 0;
		};
/* End PBXFrameworksBuildPhase section */

/* Begin PBXGroup section */
		4F77234128D85CF000B76087 = {
			isa = PBXGroup;
			children = (
				4F77234C28D85CF000B76087 /* SwiftUITakeHomeProject */,
				4F77234B28D85CF000B76087 /* Products */,
			);
			sourceTree = "<group>";
		};
		4F77234B28D85CF000B76087 /* Products */ = {
			isa = PBXGroup;
			children = (
				4F77234A28D85CF000B76087 /* SwiftUITakeHomeProject.app */,
			);
			name = Products;
			sourceTree = "<group>";
		};
		4F77234C28D85CF000B76087 /* SwiftUITakeHomeProject */ = {
			isa = PBXGroup;
			children = (
				4F77236128D862EC00B76087 /* Features */,
				4F77236028D862E400B76087 /* Base */,
				4F77235B28D85EC100B76087 /* Resources */,
				4F77234D28D85CF000B76087 /* SwiftUITakeHomeProjectApp.swift */,
				4F77235128D85CF700B76087 /* Assets.xcassets */,
				4F77235328D85CF700B76087 /* Preview Content */,
			);
			path = SwiftUITakeHomeProject;
			sourceTree = "<group>";
		};
		4F77235328D85CF700B76087 /* Preview Content */ = {
			isa = PBXGroup;
			children = (
				4F77235428D85CF700B76087 /* Preview Assets.xcassets */,
			);
			path = "Preview Content";
			sourceTree = "<group>";
		};
		4F77235B28D85EC100B76087 /* Resources */ = {
			isa = PBXGroup;
			children = (
				4F77237028D8682000B76087 /* JSON */,
				4F77235C28D85EF400B76087 /* Symbols.swift */,
				4F77235E28D8607E00B76087 /* Theme.swift */,
			);
			path = Resources;
			sourceTree = "<group>";
		};
		4F77236028D862E400B76087 /* Base */ = {
			isa = PBXGroup;
			children = (
				4F77238328D88D9000B76087 /* Views */,
				4F77237C28D86E9000B76087 /* Mapper */,
				4F77237928D86E6700B76087 /* Model */,
			);
			path = Base;
			sourceTree = "<group>";
		};
		4F77236128D862EC00B76087 /* Features */ = {
			isa = PBXGroup;
			children = (
				4F77236528D8632B00B76087 /* Settings */,
				4F77236428D8632600B76087 /* Detail */,
				4F77236328D8630A00B76087 /* Create */,
				4F77236228D8630100B76087 /* People */,
			);
			path = Features;
			sourceTree = "<group>";
		};
		4F77236228D8630100B76087 /* People */ = {
			isa = PBXGroup;
			children = (
				4F77236F28D8639500B76087 /* View Models */,
				4F77236E28D8639100B76087 /* Model */,
				4F77236D28D8638D00B76087 /* Views */,
			);
			path = People;
			sourceTree = "<group>";
		};
		4F77236328D8630A00B76087 /* Create */ = {
			isa = PBXGroup;
			children = (
				4F77236C28D8638800B76087 /* View Models */,
				4F77236B28D8638300B76087 /* Model */,
				4F77236A28D8637E00B76087 /* Views */,
			);
			path = Create;
			sourceTree = "<group>";
		};
		4F77236428D8632600B76087 /* Detail */ = {
			isa = PBXGroup;
			children = (
				4F77236928D8637300B76087 /* View Models */,
				4F77236828D8636E00B76087 /* Model */,
				4F77236728D8636900B76087 /* Views */,
			);
			path = Detail;
			sourceTree = "<group>";
		};
		4F77236528D8632B00B76087 /* Settings */ = {
			isa = PBXGroup;
			children = (
				4F77236628D8636300B76087 /* Views */,
			);
			path = Settings;
			sourceTree = "<group>";
		};
		4F77236628D8636300B76087 /* Views */ = {
			isa = PBXGroup;
			children = (
			);
			path = Views;
			sourceTree = "<group>";
		};
		4F77236728D8636900B76087 /* Views */ = {
			isa = PBXGroup;
			children = (
				4F77238628D8A44400B76087 /* DetailView.swift */,
			);
			path = Views;
			sourceTree = "<group>";
		};
		4F77236828D8636E00B76087 /* Model */ = {
			isa = PBXGroup;
			children = (
				4F77237528D86B4900B76087 /* UserDetailResponse.swift */,
			);
			path = Model;
			sourceTree = "<group>";
		};
		4F77236928D8637300B76087 /* View Models */ = {
			isa = PBXGroup;
			children = (
			);
			path = "View Models";
			sourceTree = "<group>";
		};
		4F77236A28D8637E00B76087 /* Views */ = {
			isa = PBXGroup;
			children = (
				4F77238828D8FE7A00B76087 /* CreateView.swift */,
			);
			path = Views;
			sourceTree = "<group>";
		};
		4F77236B28D8638300B76087 /* Model */ = {
			isa = PBXGroup;
			children = (
			);
			path = Model;
			sourceTree = "<group>";
		};
		4F77236C28D8638800B76087 /* View Models */ = {
			isa = PBXGroup;
			children = (
			);
			path = "View Models";
			sourceTree = "<group>";
		};
		4F77236D28D8638D00B76087 /* Views */ = {
			isa = PBXGroup;
			children = (
				4F77237F28D8806A00B76087 /* PeopleView.swift */,
				4F77238128D88D5500B76087 /* PersonItemView.swift */,
			);
			path = Views;
			sourceTree = "<group>";
		};
		4F77236E28D8639100B76087 /* Model */ = {
			isa = PBXGroup;
			children = (
				4F77237728D86BBA00B76087 /* UsersResponse.swift */,
			);
			path = Model;
			sourceTree = "<group>";
		};
		4F77236F28D8639500B76087 /* View Models */ = {
			isa = PBXGroup;
			children = (
			);
			path = "View Models";
			sourceTree = "<group>";
		};
		4F77237028D8682000B76087 /* JSON */ = {
			isa = PBXGroup;
			children = (
				4F77237128D8683A00B76087 /* UserStaticData.json */,
				4F77237328D869E900B76087 /* SingleUserData.json */,
			);
			path = JSON;
			sourceTree = "<group>";
		};
		4F77237928D86E6700B76087 /* Model */ = {
			isa = PBXGroup;
			children = (
				4F77237A28D86E7700B76087 /* Models.swift */,
			);
			path = Model;
			sourceTree = "<group>";
		};
		4F77237C28D86E9000B76087 /* Mapper */ = {
			isa = PBXGroup;
			children = (
				4F77237D28D86E9F00B76087 /* StaticJSONMapper.swift */,
			);
			path = Mapper;
			sourceTree = "<group>";
		};
		4F77238328D88D9000B76087 /* Views */ = {
			isa = PBXGroup;
			children = (
				4F77238428D88D9A00B76087 /* PillView.swift */,
			);
			path = Views;
			sourceTree = "<group>";
		};
/* End PBXGroup section */

/* Begin PBXNativeTarget section */
		4F77234928D85CF000B76087 /* SwiftUITakeHomeProject */ = {
			isa = PBXNativeTarget;
			buildConfigurationList = 4F77235828D85CF700B76087 /* Build configuration list for PBXNativeTarget "SwiftUITakeHomeProject" */;
			buildPhases = (
				4F77234628D85CF000B76087 /* Sources */,
				4F77234728D85CF000B76087 /* Frameworks */,
				4F77234828D85CF000B76087 /* Resources */,
			);
			buildRules = (
			);
			dependencies = (
			);
			name = SwiftUITakeHomeProject;
			productName = SwiftUITakeHomeProject;
			productReference = 4F77234A28D85CF000B76087 /* SwiftUITakeHomeProject.app */;
			productType = "com.apple.product-type.application";
		};
/* End PBXNativeTarget section */

/* Begin PBXProject section */
		4F77234228D85CF000B76087 /* Project object */ = {
			isa = PBXProject;
			attributes = {
				BuildIndependentTargetsInParallel = 1;
				LastSwiftUpdateCheck = 1340;
				LastUpgradeCheck = 1340;
				TargetAttributes = {
					4F77234928D85CF000B76087 = {
						CreatedOnToolsVersion = 13.4.1;
					};
				};
			};
			buildConfigurationList = 4F77234528D85CF000B76087 /* Build configuration list for PBXProject "SwiftUITakeHomeProject" */;
			compatibilityVersion = "Xcode 13.0";
			developmentRegion = en;
			hasScannedForEncodings = 0;
			knownRegions = (
				en,
				Base,
			);
			mainGroup = 4F77234128D85CF000B76087;
			productRefGroup = 4F77234B28D85CF000B76087 /* Products */;
			projectDirPath = "";
			projectRoot = "";
			targets = (
				4F77234928D85CF000B76087 /* SwiftUITakeHomeProject */,
			);
		};
/* End PBXProject section */

/* Begin PBXResourcesBuildPhase section */
		4F77234828D85CF000B76087 /* Resources */ = {
			isa = PBXResourcesBuildPhase;
			buildActionMask = 2147483647;
			files = (
				4F77235528D85CF700B76087 /* Preview Assets.xcassets in Resources */,
				4F77235228D85CF700B76087 /* Assets.xcassets in Resources */,
				4F77237428D869E900B76087 /* SingleUserData.json in Resources */,
				4F77237228D8683A00B76087 /* UserStaticData.json in Resources */,
			);
			runOnlyForDeploymentPostprocessing = 0;
		};
/* End PBXResourcesBuildPhase section */

/* Begin PBXSourcesBuildPhase section */
		4F77234628D85CF000B76087 /* Sources */ = {
			isa = PBXSourcesBuildPhase;
			buildActionMask = 2147483647;
			files = (
				4F77237E28D86E9F00B76087 /* StaticJSONMapper.swift in Sources */,
				4F77238528D88D9A00B76087 /* PillView.swift in Sources */,
				4F77235D28D85EF400B76087 /* Symbols.swift in Sources */,
				4F77238028D8806A00B76087 /* PeopleView.swift in Sources */,
				4F77235F28D8607E00B76087 /* Theme.swift in Sources */,
				4F77238728D8A44400B76087 /* DetailView.swift in Sources */,
				4F77237628D86B4900B76087 /* UserDetailResponse.swift in Sources */,
				4F77234E28D85CF000B76087 /* SwiftUITakeHomeProjectApp.swift in Sources */,
				4F77237828D86BBA00B76087 /* UsersResponse.swift in Sources */,
				4F77238228D88D5500B76087 /* PersonItemView.swift in Sources */,
				4F77238928D8FE7B00B76087 /* CreateView.swift in Sources */,
				4F77237B28D86E7700B76087 /* Models.swift in Sources */,
			);
			runOnlyForDeploymentPostprocessing = 0;
		};
/* End PBXSourcesBuildPhase section */

/* Begin XCBuildConfiguration section */
		4F77235628D85CF700B76087 /* Debug */ = {
			isa = XCBuildConfiguration;
			buildSettings = {
				ALWAYS_SEARCH_USER_PATHS = NO;
				CLANG_ANALYZER_NONNULL = YES;
				CLANG_ANALYZER_NUMBER_OBJECT_CONVERSION = YES_AGGRESSIVE;
				CLANG_CXX_LANGUAGE_STANDARD = "gnu++17";
				CLANG_ENABLE_MODULES = YES;
				CLANG_ENABLE_OBJC_ARC = YES;
				CLANG_ENABLE_OBJC_WEAK = YES;
				CLANG_WARN_BLOCK_CAPTURE_AUTORELEASING = YES;
				CLANG_WARN_BOOL_CONVERSION = YES;
				CLANG_WARN_COMMA = YES;
				CLANG_WARN_CONSTANT_CONVERSION = YES;
				CLANG_WARN_DEPRECATED_OBJC_IMPLEMENTATIONS = YES;
				CLANG_WARN_DIRECT_OBJC_ISA_USAGE = YES_ERROR;
				CLANG_WARN_DOCUMENTATION_COMMENTS = YES;
				CLANG_WARN_EMPTY_BODY = YES;
				CLANG_WARN_ENUM_CONVERSION = YES;
				CLANG_WARN_INFINITE_RECURSION = YES;
				CLANG_WARN_INT_CONVERSION = YES;
				CLANG_WARN_NON_LITERAL_NULL_CONVERSION = YES;
				CLANG_WARN_OBJC_IMPLICIT_RETAIN_SELF = YES;
				CLANG_WARN_OBJC_LITERAL_CONVERSION = YES;
				CLANG_WARN_OBJC_ROOT_CLASS = YES_ERROR;
				CLANG_WARN_QUOTED_INCLUDE_IN_FRAMEWORK_HEADER = YES;
				CLANG_WARN_RANGE_LOOP_ANALYSIS = YES;
				CLANG_WARN_STRICT_PROTOTYPES = YES;
				CLANG_WARN_SUSPICIOUS_MOVE = YES;
				CLANG_WARN_UNGUARDED_AVAILABILITY = YES_AGGRESSIVE;
				CLANG_WARN_UNREACHABLE_CODE = YES;
				CLANG_WARN__DUPLICATE_METHOD_MATCH = YES;
				COPY_PHASE_STRIP = NO;
				DEBUG_INFORMATION_FORMAT = dwarf;
				ENABLE_STRICT_OBJC_MSGSEND = YES;
				ENABLE_TESTABILITY = YES;
				GCC_C_LANGUAGE_STANDARD = gnu11;
				GCC_DYNAMIC_NO_PIC = NO;
				GCC_NO_COMMON_BLOCKS = YES;
				GCC_OPTIMIZATION_LEVEL = 0;
				GCC_PREPROCESSOR_DEFINITIONS = (
					"DEBUG=1",
					"$(inherited)",
				);
				GCC_WARN_64_TO_32_BIT_CONVERSION = YES;
				GCC_WARN_ABOUT_RETURN_TYPE = YES_ERROR;
				GCC_WARN_UNDECLARED_SELECTOR = YES;
				GCC_WARN_UNINITIALIZED_AUTOS = YES_AGGRESSIVE;
				GCC_WARN_UNUSED_FUNCTION = YES;
				GCC_WARN_UNUSED_VARIABLE = YES;
				IPHONEOS_DEPLOYMENT_TARGET = 15.5;
				MTL_ENABLE_DEBUG_INFO = INCLUDE_SOURCE;
				MTL_FAST_MATH = YES;
				ONLY_ACTIVE_ARCH = YES;
				SDKROOT = iphoneos;
				SWIFT_ACTIVE_COMPILATION_CONDITIONS = DEBUG;
				SWIFT_OPTIMIZATION_LEVEL = "-Onone";
			};
			name = Debug;
		};
		4F77235728D85CF700B76087 /* Release */ = {
			isa = XCBuildConfiguration;
			buildSettings = {
				ALWAYS_SEARCH_USER_PATHS = NO;
				CLANG_ANALYZER_NONNULL = YES;
				CLANG_ANALYZER_NUMBER_OBJECT_CONVERSION = YES_AGGRESSIVE;
				CLANG_CXX_LANGUAGE_STANDARD = "gnu++17";
				CLANG_ENABLE_MODULES = YES;
				CLANG_ENABLE_OBJC_ARC = YES;
				CLANG_ENABLE_OBJC_WEAK = YES;
				CLANG_WARN_BLOCK_CAPTURE_AUTORELEASING = YES;
				CLANG_WARN_BOOL_CONVERSION = YES;
				CLANG_WARN_COMMA = YES;
				CLANG_WARN_CONSTANT_CONVERSION = YES;
				CLANG_WARN_DEPRECATED_OBJC_IMPLEMENTATIONS = YES;
				CLANG_WARN_DIRECT_OBJC_ISA_USAGE = YES_ERROR;
				CLANG_WARN_DOCUMENTATION_COMMENTS = YES;
				CLANG_WARN_EMPTY_BODY = YES;
				CLANG_WARN_ENUM_CONVERSION = YES;
				CLANG_WARN_INFINITE_RECURSION = YES;
				CLANG_WARN_INT_CONVERSION = YES;
				CLANG_WARN_NON_LITERAL_NULL_CONVERSION = YES;
				CLANG_WARN_OBJC_IMPLICIT_RETAIN_SELF = YES;
				CLANG_WARN_OBJC_LITERAL_CONVERSION = YES;
				CLANG_WARN_OBJC_ROOT_CLASS = YES_ERROR;
				CLANG_WARN_QUOTED_INCLUDE_IN_FRAMEWORK_HEADER = YES;
				CLANG_WARN_RANGE_LOOP_ANALYSIS = YES;
				CLANG_WARN_STRICT_PROTOTYPES = YES;
				CLANG_WARN_SUSPICIOUS_MOVE = YES;
				CLANG_WARN_UNGUARDED_AVAILABILITY = YES_AGGRESSIVE;
				CLANG_WARN_UNREACHABLE_CODE = YES;
				CLANG_WARN__DUPLICATE_METHOD_MATCH = YES;
				COPY_PHASE_STRIP = NO;
				DEBUG_INFORMATION_FORMAT = "dwarf-with-dsym";
				ENABLE_NS_ASSERTIONS = NO;
				ENABLE_STRICT_OBJC_MSGSEND = YES;
				GCC_C_LANGUAGE_STANDARD = gnu11;
				GCC_NO_COMMON_BLOCKS = YES;
				GCC_WARN_64_TO_32_BIT_CONVERSION = YES;
				GCC_WARN_ABOUT_RETURN_TYPE = YES_ERROR;
				GCC_WARN_UNDECLARED_SELECTOR = YES;
				GCC_WARN_UNINITIALIZED_AUTOS = YES_AGGRESSIVE;
				GCC_WARN_UNUSED_FUNCTION = YES;
				GCC_WARN_UNUSED_VARIABLE = YES;
				IPHONEOS_DEPLOYMENT_TARGET = 15.5;
				MTL_ENABLE_DEBUG_INFO = NO;
				MTL_FAST_MATH = YES;
				SDKROOT = iphoneos;
				SWIFT_COMPILATION_MODE = wholemodule;
				SWIFT_OPTIMIZATION_LEVEL = "-O";
				VALIDATE_PRODUCT = YES;
			};
			name = Release;
		};
		4F77235928D85CF700B76087 /* Debug */ = {
			isa = XCBuildConfiguration;
			buildSettings = {
				ASSETCATALOG_COMPILER_APPICON_NAME = AppIcon;
				ASSETCATALOG_COMPILER_GLOBAL_ACCENT_COLOR_NAME = AccentColor;
				CODE_SIGN_STYLE = Automatic;
				CURRENT_PROJECT_VERSION = 1;
				DEVELOPMENT_ASSET_PATHS = "\"SwiftUITakeHomeProject/Preview Content\"";
				DEVELOPMENT_TEAM = 2Z5T96754U;
				ENABLE_PREVIEWS = YES;
				GENERATE_INFOPLIST_FILE = YES;
				INFOPLIST_KEY_UIApplicationSceneManifest_Generation = YES;
				INFOPLIST_KEY_UIApplicationSupportsIndirectInputEvents = YES;
				INFOPLIST_KEY_UILaunchScreen_Generation = YES;
				INFOPLIST_KEY_UISupportedInterfaceOrientations_iPad = "UIInterfaceOrientationPortrait UIInterfaceOrientationPortraitUpsideDown UIInterfaceOrientationLandscapeLeft UIInterfaceOrientationLandscapeRight";
				INFOPLIST_KEY_UISupportedInterfaceOrientations_iPhone = "UIInterfaceOrientationPortrait UIInterfaceOrientationLandscapeLeft UIInterfaceOrientationLandscapeRight";
				LD_RUNPATH_SEARCH_PATHS = (
					"$(inherited)",
					"@executable_path/Frameworks",
				);
				MARKETING_VERSION = 1.0;
				PRODUCT_BUNDLE_IDENTIFIER = com.istvantinku.SwiftUITakeHomeProject;
				PRODUCT_NAME = "$(TARGET_NAME)";
				SWIFT_EMIT_LOC_STRINGS = YES;
				SWIFT_VERSION = 5.0;
				TARGETED_DEVICE_FAMILY = "1,2";
			};
			name = Debug;
		};
		4F77235A28D85CF700B76087 /* Release */ = {
			isa = XCBuildConfiguration;
			buildSettings = {
				ASSETCATALOG_COMPILER_APPICON_NAME = AppIcon;
				ASSETCATALOG_COMPILER_GLOBAL_ACCENT_COLOR_NAME = AccentColor;
				CODE_SIGN_STYLE = Automatic;
				CURRENT_PROJECT_VERSION = 1;
				DEVELOPMENT_ASSET_PATHS = "\"SwiftUITakeHomeProject/Preview Content\"";
				DEVELOPMENT_TEAM = 2Z5T96754U;
				ENABLE_PREVIEWS = YES;
				GENERATE_INFOPLIST_FILE = YES;
				INFOPLIST_KEY_UIApplicationSceneManifest_Generation = YES;
				INFOPLIST_KEY_UIApplicationSupportsIndirectInputEvents = YES;
				INFOPLIST_KEY_UILaunchScreen_Generation = YES;
				INFOPLIST_KEY_UISupportedInterfaceOrientations_iPad = "UIInterfaceOrientationPortrait UIInterfaceOrientationPortraitUpsideDown UIInterfaceOrientationLandscapeLeft UIInterfaceOrientationLandscapeRight";
				INFOPLIST_KEY_UISupportedInterfaceOrientations_iPhone = "UIInterfaceOrientationPortrait UIInterfaceOrientationLandscapeLeft UIInterfaceOrientationLandscapeRight";
				LD_RUNPATH_SEARCH_PATHS = (
					"$(inherited)",
					"@executable_path/Frameworks",
				);
				MARKETING_VERSION = 1.0;
				PRODUCT_BUNDLE_IDENTIFIER = com.istvantinku.SwiftUITakeHomeProject;
				PRODUCT_NAME = "$(TARGET_NAME)";
				SWIFT_EMIT_LOC_STRINGS = YES;
				SWIFT_VERSION = 5.0;
				TARGETED_DEVICE_FAMILY = "1,2";
			};
			name = Release;
		};
/* End XCBuildConfiguration section */

/* Begin XCConfigurationList section */
		4F77234528D85CF000B76087 /* Build configuration list for PBXProject "SwiftUITakeHomeProject" */ = {
			isa = XCConfigurationList;
			buildConfigurations = (
				4F77235628D85CF700B76087 /* Debug */,
				4F77235728D85CF700B76087 /* Release */,
			);
			defaultConfigurationIsVisible = 0;
			defaultConfigurationName = Release;
		};
		4F77235828D85CF700B76087 /* Build configuration list for PBXNativeTarget "SwiftUITakeHomeProject" */ = {
			isa = XCConfigurationList;
			buildConfigurations = (
				4F77235928D85CF700B76087 /* Debug */,
				4F77235A28D85CF700B76087 /* Release */,
			);
			defaultConfigurationIsVisible = 0;
			defaultConfigurationName = Release;
		};
/* End XCConfigurationList section */
	};
	rootObject = 4F77234228D85CF000B76087 /* Project object */;
}
